// !$*UTF8*$!
{
	archiveVersion = 1;
	classes = {
	};
	objectVersion = 77;
	objects = {

/* Begin PBXBuildFile section */
		F82FD1AB2F4D34F700C3770C /* FirebaseCore in Frameworks */ = {isa = PBXBuildFile; productRef = F82FD1AA2F4D34F700C3770C /* FirebaseCore */; };
		F82FD1AD2F4D362300C3770C /* FirebaseDatabase in Frameworks */ = {isa = PBXBuildFile; productRef = F82FD1AC2F4D362300C3770C /* FirebaseDatabase */; };
		F82FD1AF2F4D374700C3770C /* FirebaseFirestore in Frameworks */ = {isa = PBXBuildFile; productRef = F82FD1AE2F4D374700C3770C /* FirebaseFirestore */; };
/* End PBXBuildFile section */

/* Begin PBXContainerItemProxy section */
		F82FD18A2F4D224300C3770C /* PBXContainerItemProxy */ = {
			isa = PBXContainerItemProxy;
			containerPortal = F82FD1702F4D224000C3770C /* Project object */;
			proxyType = 1;
			remoteGlobalIDString = F82FD1772F4D224000C3770C;
			remoteInfo = app_ConnectFirebase;
		};
		F82FD1942F4D224300C3770C /* PBXContainerItemProxy */ = {
			isa = PBXContainerItemProxy;
			containerPortal = F82FD1702F4D224000C3770C /* Project object */;
			proxyType = 1;
			remoteGlobalIDString = F82FD1772F4D224000C3770C;
			remoteInfo = app_ConnectFirebase;
		};
/* End PBXContainerItemProxy section */

/* Begin PBXFileReference section */
		F82FD1782F4D224000C3770C /* app_ConnectFirebase.app */ = {isa = PBXFileReference; explicitFileType = wrapper.application; includeInIndex = 0; path = app_ConnectFirebase.app; sourceTree = BUILT_PRODUCTS_DIR; };
		F82FD1892F4D224300C3770C /* app_ConnectFirebaseTests.xctest */ = {isa = PBXFileReference; explicitFileType = wrapper.cfbundle; includeInIndex = 0; path = app_ConnectFirebaseTests.xctest; sourceTree = BUILT_PRODUCTS_DIR; };
		F82FD1932F4D224300C3770C /* app_ConnectFirebaseUITests.xctest */ = {isa = PBXFileReference; explicitFileType = wrapper.cfbundle; includeInIndex = 0; path = app_ConnectFirebaseUITests.xctest; sourceTree = BUILT_PRODUCTS_DIR; };
/* End PBXFileReference section */

/* Begin PBXFileSystemSynchronizedRootGroup section */
		F82FD17A2F4D224000C3770C /* app_ConnectFirebase */ = {
			isa = PBXFileSystemSynchronizedRootGroup;
			path = app_ConnectFirebase;
			sourceTree = "<group>";
		};
		F82FD18C2F4D224300C3770C /* app_ConnectFirebaseTests */ = {
			isa = PBXFileSystemSynchronizedRootGroup;
			path = app_ConnectFirebaseTests;
			sourceTree = "<group>";
		};
		F82FD1962F4D224300C3770C /* app_ConnectFirebaseUITests */ = {
			isa = PBXFileSystemSynchronizedRootGroup;
			path = app_ConnectFirebaseUITests;
			sourceTree = "<group>";
		};
/* End PBXFileSystemSynchronizedRootGroup section */

/* Begin PBXFrameworksBuildPhase section */
		F82FD1752F4D224000C3770C /* Frameworks */ = {
			isa = PBXFrameworksBuildPhase;
			buildActionMask = 2147483647;
			files = (
				F82FD1AD2F4D362300C3770C /* FirebaseDatabase in Frameworks */,
				F82FD1AB2F4D34F700C3770C /* FirebaseCore in Frameworks */,
				F82FD1AF2F4D374700C3770C /* FirebaseFirestore in Frameworks */,
			);
			runOnlyForDeploymentPostprocessing = 0;
		};
		F82FD1862F4D224300C3770C /* Frameworks */ = {
			isa = PBXFrameworksBuildPhase;
			buildActionMask = 2147483647;
			files = (
			);
			runOnlyForDeploymentPostprocessing = 0;
		};
		F82FD1902F4D224300C3770C /* Frameworks */ = {
			isa = PBXFrameworksBuildPhase;
			buildActionMask = 2147483647;
			files = (
			);
			runOnlyForDeploymentPostprocessing = 0;
		};
/* End PBXFrameworksBuildPhase section */

/* Begin PBXGroup section */
		F82FD16F2F4D224000C3770C = {
			isa = PBXGroup;
			children = (
				F82FD17A2F4D224000C3770C /* app_ConnectFirebase */,
				F82FD18C2F4D224300C3770C /* app_ConnectFirebaseTests */,
				F82FD1962F4D224300C3770C /* app_ConnectFirebaseUITests */,
				F82FD1A92F4D34F700C3770C /* Frameworks */,
				F82FD1792F4D224000C3770C /* Products */,
			);
			sourceTree = "<group>";
		};
		F82FD1792F4D224000C3770C /* Products */ = {
			isa = PBXGroup;
			children = (
				F82FD1782F4D224000C3770C /* app_ConnectFirebase.app */,
				F82FD1892F4D224300C3770C /* app_ConnectFirebaseTests.xctest */,
				F82FD1932F4D224300C3770C /* app_ConnectFirebaseUITests.xctest */,
			);
			name = Products;
			sourceTree = "<group>";
		};
		F82FD1A92F4D34F700C3770C /* Frameworks */ = {
			isa = PBXGroup;
			children = (
			);
			name = Frameworks;
			sourceTree = "<group>";
		};
/* End PBXGroup section */

/* Begin PBXNativeTarget section */
		F82FD1772F4D224000C3770C /* app_ConnectFirebase */ = {
			isa = PBXNativeTarget;
			buildConfigurationList = F82FD19D2F4D224300C3770C /* Build configuration list for PBXNativeTarget "app_ConnectFirebase" */;
			buildPhases = (
				F82FD1742F4D224000C3770C /* Sources */,
				F82FD1752F4D224000C3770C /* Frameworks */,
				F82FD1762F4D224000C3770C /* Resources */,
			);
			buildRules = (
			);
			dependencies = (
			);
			fileSystemSynchronizedGroups = (
				F82FD17A2F4D224000C3770C /* app_ConnectFirebase */,
			);
			name = app_ConnectFirebase;
			packageProductDependencies = (
				F82FD1AA2F4D34F700C3770C /* FirebaseCore */,
				F82FD1AC2F4D362300C3770C /* FirebaseDatabase */,
				F82FD1AE2F4D374700C3770C /* FirebaseFirestore */,
			);
			productName = app_ConnectFirebase;
			productReference = F82FD1782F4D224000C3770C /* app_ConnectFirebase.app */;
			productType = "com.apple.product-type.application";
		};
		F82FD1882F4D224300C3770C /* app_ConnectFirebaseTests */ = {
			isa = PBXNativeTarget;
			buildConfigurationList = F82FD1A02F4D224300C3770C /* Build configuration list for PBXNativeTarget "app_ConnectFirebaseTests" */;
			buildPhases = (
				F82FD1852F4D224300C3770C /* Sources */,
				F82FD1862F4D224300C3770C /* Frameworks */,
				F82FD1872F4D224300C3770C /* Resources */,
			);
			buildRules = (
			);
			dependencies = (
				F82FD18B2F4D224300C3770C /* PBXTargetDependency */,
			);
			fileSystemSynchronizedGroups = (
				F82FD18C2F4D224300C3770C /* app_ConnectFirebaseTests */,
			);
			name = app_ConnectFirebaseTests;
			packageProductDependencies = (
			);
			productName = app_ConnectFirebaseTests;
			productReference = F82FD1892F4D224300C3770C /* app_ConnectFirebaseTests.xctest */;
			productType = "com.apple.product-type.bundle.unit-test";
		};
		F82FD1922F4D224300C3770C /* app_ConnectFirebaseUITests */ = {
			isa = PBXNativeTarget;
			buildConfigurationList = F82FD1A32F4D224300C3770C /* Build configuration list for PBXNativeTarget "app_ConnectFirebaseUITests" */;
			buildPhases = (
				F82FD18F2F4D224300C3770C /* Sources */,
				F82FD1902F4D224300C3770C /* Frameworks */,
				F82FD1912F4D224300C3770C /* Resources */,
			);
			buildRules = (
			);
			dependencies = (
				F82FD1952F4D224300C3770C /* PBXTargetDependency */,
			);
			fileSystemSynchronizedGroups = (
				F82FD1962F4D224300C3770C /* app_ConnectFirebaseUITests */,
			);
			name = app_ConnectFirebaseUITests;
			packageProductDependencies = (
			);
			productName = app_ConnectFirebaseUITests;
			productReference = F82FD1932F4D224300C3770C /* app_ConnectFirebaseUITests.xctest */;
			productType = "com.apple.product-type.bundle.ui-testing";
		};
/* End PBXNativeTarget section */

/* Begin PBXProject section */
		F82FD1702F4D224000C3770C /* Project object */ = {
			isa = PBXProject;
			attributes = {
				BuildIndependentTargetsInParallel = 1;
				LastSwiftUpdateCheck = 1620;
				LastUpgradeCheck = 1620;
				TargetAttributes = {
					F82FD1772F4D224000C3770C = {
						CreatedOnToolsVersion = 16.2;
					};
					F82FD1882F4D224300C3770C = {
						CreatedOnToolsVersion = 16.2;
						TestTargetID = F82FD1772F4D224000C3770C;
					};
					F82FD1922F4D224300C3770C = {
						CreatedOnToolsVersion = 16.2;
						TestTargetID = F82FD1772F4D224000C3770C;
					};
				};
			};
			buildConfigurationList = F82FD1732F4D224000C3770C /* Build configuration list for PBXProject "app_ConnectFirebase" */;
			developmentRegion = en;
			hasScannedForEncodings = 0;
			knownRegions = (
				en,
				Base,
			);
			mainGroup = F82FD16F2F4D224000C3770C;
			minimizedProjectReferenceProxies = 1;
			packageReferences = (
				F82FD1A82F4D264F00C3770C /* XCRemoteSwiftPackageReference "firebase-ios-sdk" */,
			);
			preferredProjectObjectVersion = 77;
			productRefGroup = F82FD1792F4D224000C3770C /* Products */;
			projectDirPath = "";
			projectRoot = "";
			targets = (
				F82FD1772F4D224000C3770C /* app_ConnectFirebase */,
				F82FD1882F4D224300C3770C /* app_ConnectFirebaseTests */,
				F82FD1922F4D224300C3770C /* app_ConnectFirebaseUITests */,
			);
		};
/* End PBXProject section */

/* Begin PBXResourcesBuildPhase section */
		F82FD1762F4D224000C3770C /* Resources */ = {
			isa = PBXResourcesBuildPhase;
			buildActionMask = 2147483647;
			files = (
			);
			runOnlyForDeploymentPostprocessing = 0;
		};
		F82FD1872F4D224300C3770C /* Resources */ = {
			isa = PBXResourcesBuildPhase;
			buildActionMask = 2147483647;
			files = (
			);
			runOnlyForDeploymentPostprocessing = 0;
		};
		F82FD1912F4D224300C3770C /* Resources */ = {
			isa = PBXResourcesBuildPhase;
			buildActionMask = 2147483647;
			files = (
			);
			runOnlyForDeploymentPostprocessing = 0;
		};
/* End PBXResourcesBuildPhase section */

/* Begin PBXSourcesBuildPhase section */
		F82FD1742F4D224000C3770C /* Sources */ = {
			isa = PBXSourcesBuildPhase;
			buildActionMask = 2147483647;
			files = (
			);
			runOnlyForDeploymentPostprocessing = 0;
		};
		F82FD1852F4D224300C3770C /* Sources */ = {
			isa = PBXSourcesBuildPhase;
			buildActionMask = 2147483647;
			files = (
			);
			runOnlyForDeploymentPostprocessing = 0;
		};
		F82FD18F2F4D224300C3770C /* Sources */ = {
			isa = PBXSourcesBuildPhase;
			buildActionMask = 2147483647;
			files = (
			);
			runOnlyForDeploymentPostprocessing = 0;
		};
/* End PBXSourcesBuildPhase section */

/* Begin PBXTargetDependency section */
		F82FD18B2F4D224300C3770C /* PBXTargetDependency */ = {
			isa = PBXTargetDependency;
			target = F82FD1772F4D224000C3770C /* app_ConnectFirebase */;
			targetProxy = F82FD18A2F4D224300C3770C /* PBXContainerItemProxy */;
		};
		F82FD1952F4D224300C3770C /* PBXTargetDependency */ = {
			isa = PBXTargetDependency;
			target = F82FD1772F4D224000C3770C /* app_ConnectFirebase */;
			targetProxy = F82FD1942F4D224300C3770C /* PBXContainerItemProxy */;
		};
/* End PBXTargetDependency section */

/* Begin XCBuildConfiguration section */
		F82FD19B2F4D224300C3770C /* Debug */ = {
			isa = XCBuildConfiguration;
			buildSettings = {
				ALWAYS_SEARCH_USER_PATHS = NO;
				ASSETCATALOG_COMPILER_GENERATE_SWIFT_ASSET_SYMBOL_EXTENSIONS = YES;
				CLANG_ANALYZER_NONNULL = YES;
				CLANG_ANALYZER_NUMBER_OBJECT_CONVERSION = YES_AGGRESSIVE;
				CLANG_CXX_LANGUAGE_STANDARD = "gnu++20";
				CLANG_ENABLE_MODULES = YES;
				CLANG_ENABLE_OBJC_ARC = YES;
				CLANG_ENABLE_OBJC_WEAK = YES;
				CLANG_WARN_BLOCK_CAPTURE_AUTORELEASING = YES;
				CLANG_WARN_BOOL_CONVERSION = YES;
				CLANG_WARN_COMMA = YES;
				CLANG_WARN_CONSTANT_CONVERSION = YES;
				CLANG_WARN_DEPRECATED_OBJC_IMPLEMENTATIONS = YES;
				CLANG_WARN_DIRECT_OBJC_ISA_USAGE = YES_ERROR;
				CLANG_WARN_DOCUMENTATION_COMMENTS = YES;
				CLANG_WARN_EMPTY_BODY = YES;
				CLANG_WARN_ENUM_CONVERSION = YES;
				CLANG_WARN_INFINITE_RECURSION = YES;
				CLANG_WARN_INT_CONVERSION = YES;
				CLANG_WARN_NON_LITERAL_NULL_CONVERSION = YES;
				CLANG_WARN_OBJC_IMPLICIT_RETAIN_SELF = YES;
				CLANG_WARN_OBJC_LITERAL_CONVERSION = YES;
				CLANG_WARN_OBJC_ROOT_CLASS = YES_ERROR;
				CLANG_WARN_QUOTED_INCLUDE_IN_FRAMEWORK_HEADER = YES;
				CLANG_WARN_RANGE_LOOP_ANALYSIS = YES;
				CLANG_WARN_STRICT_PROTOTYPES = YES;
				CLANG_WARN_SUSPICIOUS_MOVE = YES;
				CLANG_WARN_UNGUARDED_AVAILABILITY = YES_AGGRESSIVE;
				CLANG_WARN_UNREACHABLE_CODE = YES;
				CLANG_WARN__DUPLICATE_METHOD_MATCH = YES;
				COPY_PHASE_STRIP = NO;
				DEBUG_INFORMATION_FORMAT = dwarf;
				ENABLE_STRICT_OBJC_MSGSEND = YES;
				ENABLE_TESTABILITY = YES;
				ENABLE_USER_SCRIPT_SANDBOXING = YES;
				GCC_C_LANGUAGE_STANDARD = gnu17;
				GCC_DYNAMIC_NO_PIC = NO;
				GCC_NO_COMMON_BLOCKS = YES;
				GCC_OPTIMIZATION_LEVEL = 0;
				GCC_PREPROCESSOR_DEFINITIONS = (
					"DEBUG=1",
					"$(inherited)",
				);
				GCC_WARN_64_TO_32_BIT_CONVERSION = YES;
				GCC_WARN_ABOUT_RETURN_TYPE = YES_ERROR;
				GCC_WARN_UNDECLARED_SELECTOR = YES;
				GCC_WARN_UNINITIALIZED_AUTOS = YES_AGGRESSIVE;
				GCC_WARN_UNUSED_FUNCTION = YES;
				GCC_WARN_UNUSED_VARIABLE = YES;
				LOCALIZATION_PREFERS_STRING_CATALOGS = YES;
				MTL_ENABLE_DEBUG_INFO = INCLUDE_SOURCE;
				MTL_FAST_MATH = YES;
				ONLY_ACTIVE_ARCH = YES;
				SWIFT_ACTIVE_COMPILATION_CONDITIONS = "DEBUG $(inherited)";
				SWIFT_OPTIMIZATION_LEVEL = "-Onone";
			};
			name = Debug;
		};
		F82FD19C2F4D224300C3770C /* Release */ = {
			isa = XCBuildConfiguration;
			buildSettings = {
				ALWAYS_SEARCH_USER_PATHS = NO;
				ASSETCATALOG_COMPILER_GENERATE_SWIFT_ASSET_SYMBOL_EXTENSIONS = YES;
				CLANG_ANALYZER_NONNULL = YES;
				CLANG_ANALYZER_NUMBER_OBJECT_CONVERSION = YES_AGGRESSIVE;
				CLANG_CXX_LANGUAGE_STANDARD = "gnu++20";
				CLANG_ENABLE_MODULES = YES;
				CLANG_ENABLE_OBJC_ARC = YES;
				CLANG_ENABLE_OBJC_WEAK = YES;
				CLANG_WARN_BLOCK_CAPTURE_AUTORELEASING = YES;
				CLANG_WARN_BOOL_CONVERSION = YES;
				CLANG_WARN_COMMA = YES;
				CLANG_WARN_CONSTANT_CONVERSION = YES;
				CLANG_WARN_DEPRECATED_OBJC_IMPLEMENTATIONS = YES;
				CLANG_WARN_DIRECT_OBJC_ISA_USAGE = YES_ERROR;
				CLANG_WARN_DOCUMENTATION_COMMENTS = YES;
				CLANG_WARN_EMPTY_BODY = YES;
				CLANG_WARN_ENUM_CONVERSION = YES;
				CLANG_WARN_INFINITE_RECURSION = YES;
				CLANG_WARN_INT_CONVERSION = YES;
				CLANG_WARN_NON_LITERAL_NULL_CONVERSION = YES;
				CLANG_WARN_OBJC_IMPLICIT_RETAIN_SELF = YES;
				CLANG_WARN_OBJC_LITERAL_CONVERSION = YES;
				CLANG_WARN_OBJC_ROOT_CLASS = YES_ERROR;
				CLANG_WARN_QUOTED_INCLUDE_IN_FRAMEWORK_HEADER = YES;
				CLANG_WARN_RANGE_LOOP_ANALYSIS = YES;
				CLANG_WARN_STRICT_PROTOTYPES = YES;
				CLANG_WARN_SUSPICIOUS_MOVE = YES;
				CLANG_WARN_UNGUARDED_AVAILABILITY = YES_AGGRESSIVE;
				CLANG_WARN_UNREACHABLE_CODE = YES;
				CLANG_WARN__DUPLICATE_METHOD_MATCH = YES;
				COPY_PHASE_STRIP = NO;
				DEBUG_INFORMATION_FORMAT = "dwarf-with-dsym";
				ENABLE_NS_ASSERTIONS = NO;
				ENABLE_STRICT_OBJC_MSGSEND = YES;
				ENABLE_USER_SCRIPT_SANDBOXING = YES;
				GCC_C_LANGUAGE_STANDARD = gnu17;
				GCC_NO_COMMON_BLOCKS = YES;
				GCC_WARN_64_TO_32_BIT_CONVERSION = YES;
				GCC_WARN_ABOUT_RETURN_TYPE = YES_ERROR;
				GCC_WARN_UNDECLARED_SELECTOR = YES;
				GCC_WARN_UNINITIALIZED_AUTOS = YES_AGGRESSIVE;
				GCC_WARN_UNUSED_FUNCTION = YES;
				GCC_WARN_UNUSED_VARIABLE = YES;
				LOCALIZATION_PREFERS_STRING_CATALOGS = YES;
				MTL_ENABLE_DEBUG_INFO = NO;
				MTL_FAST_MATH = YES;
				SWIFT_COMPILATION_MODE = wholemodule;
			};
			name = Release;
		};
		F82FD19E2F4D224300C3770C /* Debug */ = {
			isa = XCBuildConfiguration;
			buildSettings = {
				ASSETCATALOG_COMPILER_APPICON_NAME = AppIcon;
				ASSETCATALOG_COMPILER_GLOBAL_ACCENT_COLOR_NAME = AccentColor;
				CODE_SIGN_ENTITLEMENTS = app_ConnectFirebase/app_ConnectFirebase.entitlements;
				CODE_SIGN_STYLE = Automatic;
				CURRENT_PROJECT_VERSION = 1;
				DEVELOPMENT_ASSET_PATHS = "\"app_ConnectFirebase/Preview Content\"";
				DEVELOPMENT_TEAM = 83U38M7U85;
				ENABLE_HARDENED_RUNTIME = YES;
				ENABLE_PREVIEWS = YES;
				GENERATE_INFOPLIST_FILE = YES;
				"INFOPLIST_KEY_UIApplicationSceneManifest_Generation[sdk=iphoneos*]" = YES;
				"INFOPLIST_KEY_UIApplicationSceneManifest_Generation[sdk=iphonesimulator*]" = YES;
				"INFOPLIST_KEY_UIApplicationSupportsIndirectInputEvents[sdk=iphoneos*]" = YES;
				"INFOPLIST_KEY_UIApplicationSupportsIndirectInputEvents[sdk=iphonesimulator*]" = YES;
				"INFOPLIST_KEY_UILaunchScreen_Generation[sdk=iphoneos*]" = YES;
				"INFOPLIST_KEY_UILaunchScreen_Generation[sdk=iphonesimulator*]" = YES;
				"INFOPLIST_KEY_UIStatusBarStyle[sdk=iphoneos*]" = UIStatusBarStyleDefault;
				"INFOPLIST_KEY_UIStatusBarStyle[sdk=iphonesimulator*]" = UIStatusBarStyleDefault;
				INFOPLIST_KEY_UISupportedInterfaceOrientations_iPad = "UIInterfaceOrientationPortrait UIInterfaceOrientationPortraitUpsideDown UIInterfaceOrientationLandscapeLeft UIInterfaceOrientationLandscapeRight";
				INFOPLIST_KEY_UISupportedInterfaceOrientations_iPhone = "UIInterfaceOrientationPortrait UIInterfaceOrientationLandscapeLeft UIInterfaceOrientationLandscapeRight";
				IPHONEOS_DEPLOYMENT_TARGET = 18.2;
				LD_RUNPATH_SEARCH_PATHS = "@executable_path/Frameworks";
				"LD_RUNPATH_SEARCH_PATHS[sdk=macosx*]" = "@executable_path/../Frameworks";
				MACOSX_DEPLOYMENT_TARGET = 14.8;
				MARKETING_VERSION = 1.0;
				PRODUCT_BUNDLE_IDENTIFIER = "com.ngz.app-ConnectFirebase";
				PRODUCT_NAME = "$(TARGET_NAME)";
				SDKROOT = auto;
				SUPPORTED_PLATFORMS = "iphoneos iphonesimulator macosx xros xrsimulator";
				SWIFT_EMIT_LOC_STRINGS = YES;
				SWIFT_VERSION = 5.0;
				TARGETED_DEVICE_FAMILY = "1,2,7";
				XROS_DEPLOYMENT_TARGET = 2.2;
			};
			name = Debug;
		};
		F82FD19F2F4D224300C3770C /* Release */ = {
			isa = XCBuildConfiguration;
			buildSettings = {
				ASSETCATALOG_COMPILER_APPICON_NAME = AppIcon;
				ASSETCATALOG_COMPILER_GLOBAL_ACCENT_COLOR_NAME = AccentColor;
				CODE_SIGN_ENTITLEMENTS = app_ConnectFirebase/app_ConnectFirebase.entitlements;
				CODE_SIGN_STYLE = Automatic;
				CURRENT_PROJECT_VERSION = 1;
				DEVELOPMENT_ASSET_PATHS = "\"app_ConnectFirebase/Preview Content\"";
				DEVELOPMENT_TEAM = 83U38M7U85;
				ENABLE_HARDENED_RUNTIME = YES;
				ENABLE_PREVIEWS = YES;
				GENERATE_INFOPLIST_FILE = YES;
				"INFOPLIST_KEY_UIApplicationSceneManifest_Generation[sdk=iphoneos*]" = YES;
				"INFOPLIST_KEY_UIApplicationSceneManifest_Generation[sdk=iphonesimulator*]" = YES;
				"INFOPLIST_KEY_UIApplicationSupportsIndirectInputEvents[sdk=iphoneos*]" = YES;
				"INFOPLIST_KEY_UIApplicationSupportsIndirectInputEvents[sdk=iphonesimulator*]" = YES;
				"INFOPLIST_KEY_UILaunchScreen_Generation[sdk=iphoneos*]" = YES;
				"INFOPLIST_KEY_UILaunchScreen_Generation[sdk=iphonesimulator*]" = YES;
				"INFOPLIST_KEY_UIStatusBarStyle[sdk=iphoneos*]" = UIStatusBarStyleDefault;
				"INFOPLIST_KEY_UIStatusBarStyle[sdk=iphonesimulator*]" = UIStatusBarStyleDefault;
				INFOPLIST_KEY_UISupportedInterfaceOrientations_iPad = "UIInterfaceOrientationPortrait UIInterfaceOrientationPortraitUpsideDown UIInterfaceOrientationLandscapeLeft UIInterfaceOrientationLandscapeRight";
				INFOPLIST_KEY_UISupportedInterfaceOrientations_iPhone = "UIInterfaceOrientationPortrait UIInterfaceOrientationLandscapeLeft UIInterfaceOrientationLandscapeRight";
				IPHONEOS_DEPLOYMENT_TARGET = 18.2;
				LD_RUNPATH_SEARCH_PATHS = "@executable_path/Frameworks";
				"LD_RUNPATH_SEARCH_PATHS[sdk=macosx*]" = "@executable_path/../Frameworks";
				MACOSX_DEPLOYMENT_TARGET = 14.8;
				MARKETING_VERSION = 1.0;
				PRODUCT_BUNDLE_IDENTIFIER = "com.ngz.app-ConnectFirebase";
				PRODUCT_NAME = "$(TARGET_NAME)";
				SDKROOT = auto;
				SUPPORTED_PLATFORMS = "iphoneos iphonesimulator macosx xros xrsimulator";
				SWIFT_EMIT_LOC_STRINGS = YES;
				SWIFT_VERSION = 5.0;
				TARGETED_DEVICE_FAMILY = "1,2,7";
				XROS_DEPLOYMENT_TARGET = 2.2;
			};
			name = Release;
		};
		F82FD1A12F4D224300C3770C /* Debug */ = {
			isa = XCBuildConfiguration;
			buildSettings = {
				BUNDLE_LOADER = "$(TEST_HOST)";
				CODE_SIGN_STYLE = Automatic;
				CURRENT_PROJECT_VERSION = 1;
				DEVELOPMENT_TEAM = 83U38M7U85;
				GENERATE_INFOPLIST_FILE = YES;
				IPHONEOS_DEPLOYMENT_TARGET = 18.2;
				MACOSX_DEPLOYMENT_TARGET = 14.8;
				MARKETING_VERSION = 1.0;
				PRODUCT_BUNDLE_IDENTIFIER = "com.ngz.app-ConnectFirebaseTests";
				PRODUCT_NAME = "$(TARGET_NAME)";
				SDKROOT = auto;
				SUPPORTED_PLATFORMS = "iphoneos iphonesimulator macosx xros xrsimulator";
				SWIFT_EMIT_LOC_STRINGS = NO;
				SWIFT_VERSION = 5.0;
				TARGETED_DEVICE_FAMILY = "1,2,7";
				TEST_HOST = "$(BUILT_PRODUCTS_DIR)/app_ConnectFirebase.app/$(BUNDLE_EXECUTABLE_FOLDER_PATH)/app_ConnectFirebase";
				XROS_DEPLOYMENT_TARGET = 2.2;
			};
			name = Debug;
		};
		F82FD1A22F4D224300C3770C /* Release */ = {
			isa = XCBuildConfiguration;
			buildSettings = {
				BUNDLE_LOADER = "$(TEST_HOST)";
				CODE_SIGN_STYLE = Automatic;
				CURRENT_PROJECT_VERSION = 1;
				DEVELOPMENT_TEAM = 83U38M7U85;
				GENERATE_INFOPLIST_FILE = YES;
				IPHONEOS_DEPLOYMENT_TARGET = 18.2;
				MACOSX_DEPLOYMENT_TARGET = 14.8;
				MARKETING_VERSION = 1.0;
				PRODUCT_BUNDLE_IDENTIFIER = "com.ngz.app-ConnectFirebaseTests";
				PRODUCT_NAME = "$(TARGET_NAME)";
				SDKROOT = auto;
				SUPPORTED_PLATFORMS = "iphoneos iphonesimulator macosx xros xrsimulator";
				SWIFT_EMIT_LOC_STRINGS = NO;
				SWIFT_VERSION = 5.0;
				TARGETED_DEVICE_FAMILY = "1,2,7";
				TEST_HOST = "$(BUILT_PRODUCTS_DIR)/app_ConnectFirebase.app/$(BUNDLE_EXECUTABLE_FOLDER_PATH)/app_ConnectFirebase";
				XROS_DEPLOYMENT_TARGET = 2.2;
			};
			name = Release;
		};
		F82FD1A42F4D224300C3770C /* Debug */ = {
			isa = XCBuildConfiguration;
			buildSettings = {
				CODE_SIGN_STYLE = Automatic;
				CURRENT_PROJECT_VERSION = 1;
				DEVELOPMENT_TEAM = 83U38M7U85;
				GENERATE_INFOPLIST_FILE = YES;
				IPHONEOS_DEPLOYMENT_TARGET = 18.2;
				MACOSX_DEPLOYMENT_TARGET = 14.8;
				MARKETING_VERSION = 1.0;
				PRODUCT_BUNDLE_IDENTIFIER = "com.ngz.app-ConnectFirebaseUITests";
				PRODUCT_NAME = "$(TARGET_NAME)";
				SDKROOT = auto;
				SUPPORTED_PLATFORMS = "iphoneos iphonesimulator macosx xros xrsimulator";
				SWIFT_EMIT_LOC_STRINGS = NO;
				SWIFT_VERSION = 5.0;
				TARGETED_DEVICE_FAMILY = "1,2,7";
				TEST_TARGET_NAME = app_ConnectFirebase;
				XROS_DEPLOYMENT_TARGET = 2.2;
			};
			name = Debug;
		};
		F82FD1A52F4D224300C3770C /* Release */ = {
			isa = XCBuildConfiguration;
			buildSettings = {
				CODE_SIGN_STYLE = Automatic;
				CURRENT_PROJECT_VERSION = 1;
				DEVELOPMENT_TEAM = 83U38M7U85;
				GENERATE_INFOPLIST_FILE = YES;
				IPHONEOS_DEPLOYMENT_TARGET = 18.2;
				MACOSX_DEPLOYMENT_TARGET = 14.8;
				MARKETING_VERSION = 1.0;
				PRODUCT_BUNDLE_IDENTIFIER = "com.ngz.app-ConnectFirebaseUITests";
				PRODUCT_NAME = "$(TARGET_NAME)";
				SDKROOT = auto;
				SUPPORTED_PLATFORMS = "iphoneos iphonesimulator macosx xros xrsimulator";
				SWIFT_EMIT_LOC_STRINGS = NO;
				SWIFT_VERSION = 5.0;
				TARGETED_DEVICE_FAMILY = "1,2,7";
				TEST_TARGET_NAME = app_ConnectFirebase;
				XROS_DEPLOYMENT_TARGET = 2.2;
			};
			name = Release;
		};
/* End XCBuildConfiguration section */

/* Begin XCConfigurationList section */
		F82FD1732F4D224000C3770C /* Build configuration list for PBXProject "app_ConnectFirebase" */ = {
			isa = XCConfigurationList;
			buildConfigurations = (
				F82FD19B2F4D224300C3770C /* Debug */,
				F82FD19C2F4D224300C3770C /* Release */,
			);
			defaultConfigurationIsVisible = 0;
			defaultConfigurationName = Release;
		};
		F82FD19D2F4D224300C3770C /* Build configuration list for PBXNativeTarget "app_ConnectFirebase" */ = {
			isa = XCConfigurationList;
			buildConfigurations = (
				F82FD19E2F4D224300C3770C /* Debug */,
				F82FD19F2F4D224300C3770C /* Release */,
			);
			defaultConfigurationIsVisible = 0;
			defaultConfigurationName = Release;
		};
		F82FD1A02F4D224300C3770C /* Build configuration list for PBXNativeTarget "app_ConnectFirebaseTests" */ = {
			isa = XCConfigurationList;
			buildConfigurations = (
				F82FD1A12F4D224300C3770C /* Debug */,
				F82FD1A22F4D224300C3770C /* Release */,
			);
			defaultConfigurationIsVisible = 0;
			defaultConfigurationName = Release;
		};
		F82FD1A32F4D224300C3770C /* Build configuration list for PBXNativeTarget "app_ConnectFirebaseUITests" */ = {
			isa = XCConfigurationList;
			buildConfigurations = (
				F82FD1A42F4D224300C3770C /* Debug */,
				F82FD1A52F4D224300C3770C /* Release */,
			);
			defaultConfigurationIsVisible = 0;
			defaultConfigurationName = Release;
		};
/* End XCConfigurationList section */

/* Begin XCRemoteSwiftPackageReference section */
		F82FD1A82F4D264F00C3770C /* XCRemoteSwiftPackageReference "firebase-ios-sdk" */ = {
			isa = XCRemoteSwiftPackageReference;
			repositoryURL = "https://github.com/firebase/firebase-ios-sdk";
			requirement = {
				kind = upToNextMajorVersion;
				minimumVersion = 12.9.0;
			};
		};
/* End XCRemoteSwiftPackageReference section */

/* Begin XCSwiftPackageProductDependency section */
		F82FD1AA2F4D34F700C3770C /* FirebaseCore */ = {
			isa = XCSwiftPackageProductDependency;
			package = F82FD1A82F4D264F00C3770C /* XCRemoteSwiftPackageReference "firebase-ios-sdk" */;
			productName = FirebaseCore;
		};
		F82FD1AC2F4D362300C3770C /* FirebaseDatabase */ = {
			isa = XCSwiftPackageProductDependency;
			package = F82FD1A82F4D264F00C3770C /* XCRemoteSwiftPackageReference "firebase-ios-sdk" */;
			productName = FirebaseDatabase;
		};
		F82FD1AE2F4D374700C3770C /* FirebaseFirestore */ = {
			isa = XCSwiftPackageProductDependency;
			package = F82FD1A82F4D264F00C3770C /* XCRemoteSwiftPackageReference "firebase-ios-sdk" */;
			productName = FirebaseFirestore;
		};
/* End XCSwiftPackageProductDependency section */
	};
	rootObject = F82FD1702F4D224000C3770C /* Project object */;
}
